
Microsoft Visual Studio Solution File, Format Version 12.00
# Visual Studio Version 17
VisualStudioVersion = 17.11.35303.130
MinimumVisualStudioVersion = 10.0.40219.1
Project("{FAE04EC0-301F-11D3-BF4B-00C04F79EFBC}") = "TP_Session", "TP_Session\TP_Session.csproj", "{9AF40D2C-B902-4E7A-819D-510A158CA075}"
EndProject
Global
	GlobalSection(SolutionConfigurationPlatforms) = preSolution
		Debug|Any CPU = Debug|Any CPU
		Release|Any CPU = Release|Any CPU
	EndGlobalSection
	GlobalSection(ProjectConfigurationPlatforms) = postSolution
		{9AF40D2C-B902-4E7A-819D-510A158CA075}.Debug|Any CPU.ActiveCfg = Debug|Any CPU
		{9AF40D2C-B902-4E7A-819D-510A158CA075}.Debug|Any CPU.Build.0 = Debug|Any CPU
		{9AF40D2C-B902-4E7A-819D-510A158CA075}.Release|Any CPU.ActiveCfg = Release|Any CPU
		{9AF40D2C-B902-4E7A-819D-510A158CA075}.Release|Any CPU.Build.0 = Release|Any CPU
	EndGlobalSection
	GlobalSection(SolutionProperties) = preSolution
		HideSolutionNode = FALSE
	EndGlobalSection
	GlobalSection(ExtensibilityGlobals) = postSolution
		SolutionGuid = {725D3A5C-3B82-4574-A9A5-DE41AE19C60B}
	EndGlobalSection
EndGlobal
